
Microsoft Visual Studio Solution File, Format Version 11.00
# Visual Studio 2010
Project("{FAE04EC0-301F-11D3-BF4B-00C04F79EFBC}") = "Assembly-CSharp", "Assembly-CSharp.csproj", "{af57b46e-9cbe-c8de-77aa-c95216c28127}"
EndProject
Project("{FAE04EC0-301F-11D3-BF4B-00C04F79EFBC}") = "Assembly-CSharp-Editor", "Assembly-CSharp-Editor.csproj", "{84a382c2-2ea5-632e-9b4c-918a9e1a8723}"
EndProject
Global
	GlobalSection(SolutionConfigurationPlatforms) = preSolution
		Debug|Any CPU = Debug|Any CPU
		Release|Any CPU = Release|Any CPU
	EndGlobalSection
	GlobalSection(ProjectConfigurationPlatforms) = postSolution
		{af57b46e-9cbe-c8de-77aa-c95216c28127}.Debug|Any CPU.ActiveCfg = Debug|Any CPU
		{af57b46e-9cbe-c8de-77aa-c95216c28127}.Debug|Any CPU.Build.0 = Debug|Any CPU
		{af57b46e-9cbe-c8de-77aa-c95216c28127}.Release|Any CPU.ActiveCfg = Release|Any CPU
		{af57b46e-9cbe-c8de-77aa-c95216c28127}.Release|Any CPU.Build.0 = Release|Any CPU
		{84a382c2-2ea5-632e-9b4c-918a9e1a8723}.Debug|Any CPU.ActiveCfg = Debug|Any CPU
		{84a382c2-2ea5-632e-9b4c-918a9e1a8723}.Debug|Any CPU.Build.0 = Debug|Any CPU
		{84a382c2-2ea5-632e-9b4c-918a9e1a8723}.Release|Any CPU.ActiveCfg = Release|Any CPU
		{84a382c2-2ea5-632e-9b4c-918a9e1a8723}.Release|Any CPU.Build.0 = Release|Any CPU
	EndGlobalSection
	GlobalSection(SolutionProperties) = preSolution
		HideSolutionNode = FALSE
	EndGlobalSection
EndGlobal
